
Microsoft Visual Studio Solution File, Format Version 12.00
# Visual Studio 14
VisualStudioVersion = 14.0.25420.1
MinimumVisualStudioVersion = 10.0.40219.1
Project("{FAE04EC0-301F-11D3-BF4B-00C04F79EFBC}") = "HFLoader", "HFLoader\HFLoader.csproj", "{D1C4E2BE-6D94-45C9-B432-7A15F06145D7}"
EndProject
Project("{FAE04EC0-301F-11D3-BF4B-00C04F79EFBC}") = "DStub", "DStub\DStub.csproj", "{BF055517-25A1-4812-AF9A-2D025D579E24}"
EndProject
Global
	GlobalSection(SolutionConfigurationPlatforms) = preSolution
		Debug|Any CPU = Debug|Any CPU
		Release|Any CPU = Release|Any CPU
	EndGlobalSection
	GlobalSection(ProjectConfigurationPlatforms) = postSolution
		{D1C4E2BE-6D94-45C9-B432-7A15F06145D7}.Debug|Any CPU.ActiveCfg = Debug|Any CPU
		{D1C4E2BE-6D94-45C9-B432-7A15F06145D7}.Debug|Any CPU.Build.0 = Debug|Any CPU
		{D1C4E2BE-6D94-45C9-B432-7A15F06145D7}.Release|Any CPU.ActiveCfg = Release|Any CPU
		{D1C4E2BE-6D94-45C9-B432-7A15F06145D7}.Release|Any CPU.Build.0 = Release|Any CPU
		{BF055517-25A1-4812-AF9A-2D025D579E24}.Debug|Any CPU.ActiveCfg = Debug|Any CPU
		{BF055517-25A1-4812-AF9A-2D025D579E24}.Debug|Any CPU.Build.0 = Debug|Any CPU
		{BF055517-25A1-4812-AF9A-2D025D579E24}.Release|Any CPU.ActiveCfg = Release|Any CPU
		{BF055517-25A1-4812-AF9A-2D025D579E24}.Release|Any CPU.Build.0 = Release|Any CPU
	EndGlobalSection
	GlobalSection(SolutionProperties) = preSolution
		HideSolutionNode = FALSE
	EndGlobalSection
EndGlobal
